
Microsoft Visual Studio Solution File, Format Version 12.00
# Visual Studio Version 17
VisualStudioVersion = 17.4.33110.190
MinimumVisualStudioVersion = 10.0.40219.1
Project("{FAE04EC0-301F-11D3-BF4B-00C04F79EFBC}") = "BullyBookWeb", "BullyBookWeb\BullyBookWeb.csproj", "{E76129F6-ECB1-4081-94D0-01E97EE8F9A0}"
EndProject
Global
	GlobalSection(SolutionConfigurationPlatforms) = preSolution
		Debug|Any CPU = Debug|Any CPU
		Release|Any CPU = Release|Any CPU
	EndGlobalSection
	GlobalSection(ProjectConfigurationPlatforms) = postSolution
		{E76129F6-ECB1-4081-94D0-01E97EE8F9A0}.Debug|Any CPU.ActiveCfg = Debug|Any CPU
		{E76129F6-ECB1-4081-94D0-01E97EE8F9A0}.Debug|Any CPU.Build.0 = Debug|Any CPU
		{E76129F6-ECB1-4081-94D0-01E97EE8F9A0}.Release|Any CPU.ActiveCfg = Release|Any CPU
		{E76129F6-ECB1-4081-94D0-01E97EE8F9A0}.Release|Any CPU.Build.0 = Release|Any CPU
	EndGlobalSection
	GlobalSection(SolutionProperties) = preSolution
		HideSolutionNode = FALSE
	EndGlobalSection
	GlobalSection(ExtensibilityGlobals) = postSolution
		SolutionGuid = {C2165B33-0A65-4A18-AB89-B1D70130C80D}
	EndGlobalSection
EndGlobal
